
Microsoft Visual Studio Solution File, Format Version 12.00
# Visual Studio Version 17
VisualStudioVersion = 17.2.32630.192
MinimumVisualStudioVersion = 10.0.40219.1
Project("{FAE04EC0-301F-11D3-BF4B-00C04F79EFBC}") = "MTW2Converter", "MTW2Converter\MTW2Converter.csproj", "{D01E76C0-2308-4534-992A-29E9B883391C}"
EndProject
Global
	GlobalSection(SolutionConfigurationPlatforms) = preSolution
		Debug|Any CPU = Debug|Any CPU
		Release|Any CPU = Release|Any CPU
	EndGlobalSection
	GlobalSection(ProjectConfigurationPlatforms) = postSolution
		{D01E76C0-2308-4534-992A-29E9B883391C}.Debug|Any CPU.ActiveCfg = Debug|Any CPU
		{D01E76C0-2308-4534-992A-29E9B883391C}.Debug|Any CPU.Build.0 = Debug|Any CPU
		{D01E76C0-2308-4534-992A-29E9B883391C}.Release|Any CPU.ActiveCfg = Release|Any CPU
		{D01E76C0-2308-4534-992A-29E9B883391C}.Release|Any CPU.Build.0 = Release|Any CPU
	EndGlobalSection
	GlobalSection(SolutionProperties) = preSolution
		HideSolutionNode = FALSE
	EndGlobalSection
	GlobalSection(ExtensibilityGlobals) = postSolution
		SolutionGuid = {F88CD6B8-6709-4211-8BB9-CAC229A3991E}
	EndGlobalSection
EndGlobal
